
Microsoft Visual Studio Solution File, Format Version 12.00
# Visual Studio Version 16
VisualStudioVersion = 16.0.30804.86
MinimumVisualStudioVersion = 10.0.40219.1
Project("{FAE04EC0-301F-11D3-BF4B-00C04F79EFBC}") = "TestApiJWT", "TestApiJWT\TestApiJWT.csproj", "{1844ECEE-39F7-46F5-8CCB-874BF14066AF}"
EndProject
Global
	GlobalSection(SolutionConfigurationPlatforms) = preSolution
		Debug|Any CPU = Debug|Any CPU
		Release|Any CPU = Release|Any CPU
	EndGlobalSection
	GlobalSection(ProjectConfigurationPlatforms) = postSolution
		{1844ECEE-39F7-46F5-8CCB-874BF14066AF}.Debug|Any CPU.ActiveCfg = Debug|Any CPU
		{1844ECEE-39F7-46F5-8CCB-874BF14066AF}.Debug|Any CPU.Build.0 = Debug|Any CPU
		{1844ECEE-39F7-46F5-8CCB-874BF14066AF}.Release|Any CPU.ActiveCfg = Release|Any CPU
		{1844ECEE-39F7-46F5-8CCB-874BF14066AF}.Release|Any CPU.Build.0 = Release|Any CPU
	EndGlobalSection
	GlobalSection(SolutionProperties) = preSolution
		HideSolutionNode = FALSE
	EndGlobalSection
	GlobalSection(ExtensibilityGlobals) = postSolution
		SolutionGuid = {A1E7C144-F0B7-402F-AE59-B4AEB8FD6575}
	EndGlobalSection
EndGlobal
